
Microsoft Visual Studio Solution File, Format Version 12.00
# Visual Studio Version 17
VisualStudioVersion = 17.0.32112.339
MinimumVisualStudioVersion = 10.0.40219.1
Project("{9A19103F-16F7-4668-BE54-9A1E7A4F7556}") = "Spreadsheet_Matthew_Yien", "HW4\Spreadsheet_Matthew_Yien.csproj", "{8B7382A2-F352-4E0D-9CA9-C7C52FC7A445}"
EndProject
Project("{9A19103F-16F7-4668-BE54-9A1E7A4F7556}") = "HW4_Tests", "HW4_Tests\HW4_Tests.csproj", "{9CF92A54-13E9-496F-B49E-91ACD56E17D9}"
EndProject
Project("{9A19103F-16F7-4668-BE54-9A1E7A4F7556}") = "LogicEngine", "SpreadsheetLogicEngine\LogicEngine.csproj", "{D66325B7-0F19-4AC5-99F3-D8336A52D610}"
EndProject
Global
	GlobalSection(SolutionConfigurationPlatforms) = preSolution
		Debug|Any CPU = Debug|Any CPU
		Release|Any CPU = Release|Any CPU
	EndGlobalSection
	GlobalSection(ProjectConfigurationPlatforms) = postSolution
		{8B7382A2-F352-4E0D-9CA9-C7C52FC7A445}.Debug|Any CPU.ActiveCfg = Debug|Any CPU
		{8B7382A2-F352-4E0D-9CA9-C7C52FC7A445}.Debug|Any CPU.Build.0 = Debug|Any CPU
		{8B7382A2-F352-4E0D-9CA9-C7C52FC7A445}.Release|Any CPU.ActiveCfg = Release|Any CPU
		{8B7382A2-F352-4E0D-9CA9-C7C52FC7A445}.Release|Any CPU.Build.0 = Release|Any CPU
		{9CF92A54-13E9-496F-B49E-91ACD56E17D9}.Debug|Any CPU.ActiveCfg = Debug|Any CPU
		{9CF92A54-13E9-496F-B49E-91ACD56E17D9}.Debug|Any CPU.Build.0 = Debug|Any CPU
		{9CF92A54-13E9-496F-B49E-91ACD56E17D9}.Release|Any CPU.ActiveCfg = Release|Any CPU
		{9CF92A54-13E9-496F-B49E-91ACD56E17D9}.Release|Any CPU.Build.0 = Release|Any CPU
		{D66325B7-0F19-4AC5-99F3-D8336A52D610}.Debug|Any CPU.ActiveCfg = Debug|Any CPU
		{D66325B7-0F19-4AC5-99F3-D8336A52D610}.Debug|Any CPU.Build.0 = Debug|Any CPU
		{D66325B7-0F19-4AC5-99F3-D8336A52D610}.Release|Any CPU.ActiveCfg = Release|Any CPU
		{D66325B7-0F19-4AC5-99F3-D8336A52D610}.Release|Any CPU.Build.0 = Release|Any CPU
	EndGlobalSection
	GlobalSection(SolutionProperties) = preSolution
		HideSolutionNode = FALSE
	EndGlobalSection
	GlobalSection(ExtensibilityGlobals) = postSolution
		SolutionGuid = {D4671821-B94A-48BF-B630-D6D2CA48C515}
	EndGlobalSection
EndGlobal
