
Microsoft Visual Studio Solution File, Format Version 12.00
# Visual Studio Version 17
VisualStudioVersion = 17.0.32112.339
MinimumVisualStudioVersion = 10.0.40219.1
Project("{9A19103F-16F7-4668-BE54-9A1E7A4F7556}") = "HW2", "HW2\HW2.csproj", "{B6EBB29E-A65C-4063-9BA8-77EAD052B9E9}"
EndProject
Project("{2150E333-8FDC-42A3-9474-1A3956D46DE8}") = "Solution Items", "Solution Items", "{0CBE8B8F-467C-4CD0-BBCA-08DC7AC5C227}"
	ProjectSection(SolutionItems) = preProject
		.editorconfig = .editorconfig
	EndProjectSection
EndProject
Project("{FAE04EC0-301F-11D3-BF4B-00C04F79EFBC}") = "FindDistinctTests", "FindDistinctTests\FindDistinctTests.csproj", "{C6D611BE-6AB5-488B-A65A-F727674C40C0}"
EndProject
Global
	GlobalSection(SolutionConfigurationPlatforms) = preSolution
		Debug|Any CPU = Debug|Any CPU
		Release|Any CPU = Release|Any CPU
	EndGlobalSection
	GlobalSection(ProjectConfigurationPlatforms) = postSolution
		{B6EBB29E-A65C-4063-9BA8-77EAD052B9E9}.Debug|Any CPU.ActiveCfg = Debug|Any CPU
		{B6EBB29E-A65C-4063-9BA8-77EAD052B9E9}.Debug|Any CPU.Build.0 = Debug|Any CPU
		{B6EBB29E-A65C-4063-9BA8-77EAD052B9E9}.Release|Any CPU.ActiveCfg = Release|Any CPU
		{B6EBB29E-A65C-4063-9BA8-77EAD052B9E9}.Release|Any CPU.Build.0 = Release|Any CPU
		{C6D611BE-6AB5-488B-A65A-F727674C40C0}.Debug|Any CPU.ActiveCfg = Debug|Any CPU
		{C6D611BE-6AB5-488B-A65A-F727674C40C0}.Debug|Any CPU.Build.0 = Debug|Any CPU
		{C6D611BE-6AB5-488B-A65A-F727674C40C0}.Release|Any CPU.ActiveCfg = Release|Any CPU
		{C6D611BE-6AB5-488B-A65A-F727674C40C0}.Release|Any CPU.Build.0 = Release|Any CPU
	EndGlobalSection
	GlobalSection(SolutionProperties) = preSolution
		HideSolutionNode = FALSE
	EndGlobalSection
	GlobalSection(ExtensibilityGlobals) = postSolution
		SolutionGuid = {D015A735-C474-4FC5-A660-EF84878563D1}
	EndGlobalSection
EndGlobal
